
Microsoft Visual Studio Solution File, Format Version 12.00
# Visual Studio Version 17
VisualStudioVersion = 17.5.002.0
MinimumVisualStudioVersion = 10.0.40219.1
Project("{9A19103F-16F7-4668-BE54-9A1E7A4F7556}") = "demo", "demo\demo.csproj", "{C83D601D-35D6-44AB-BA6D-6D7A4E4DB254}"
EndProject
Global
	GlobalSection(SolutionConfigurationPlatforms) = preSolution
		Debug|Any CPU = Debug|Any CPU
		Release|Any CPU = Release|Any CPU
	EndGlobalSection
	GlobalSection(ProjectConfigurationPlatforms) = postSolution
		{C83D601D-35D6-44AB-BA6D-6D7A4E4DB254}.Debug|Any CPU.ActiveCfg = Debug|Any CPU
		{C83D601D-35D6-44AB-BA6D-6D7A4E4DB254}.Debug|Any CPU.Build.0 = Debug|Any CPU
		{C83D601D-35D6-44AB-BA6D-6D7A4E4DB254}.Release|Any CPU.ActiveCfg = Release|Any CPU
		{C83D601D-35D6-44AB-BA6D-6D7A4E4DB254}.Release|Any CPU.Build.0 = Release|Any CPU
	EndGlobalSection
	GlobalSection(SolutionProperties) = preSolution
		HideSolutionNode = FALSE
	EndGlobalSection
	GlobalSection(ExtensibilityGlobals) = postSolution
		SolutionGuid = {AA1D63C4-26AE-44B7-B699-56C34500E69A}
	EndGlobalSection
EndGlobal
