
Microsoft Visual Studio Solution File, Format Version 12.00
Project("{FAE04EC0-301F-11D3-BF4B-00C04F79EFBC}") = "currentcy-worker", "currentcy-worker.csproj", "{8AE87CDC-D3E1-4CFF-8453-4EE12309DD38}"
EndProject
Global
	GlobalSection(SolutionConfigurationPlatforms) = preSolution
		Debug|Any CPU = Debug|Any CPU
		Release|Any CPU = Release|Any CPU
	EndGlobalSection
	GlobalSection(ProjectConfigurationPlatforms) = postSolution
		{8AE87CDC-D3E1-4CFF-8453-4EE12309DD38}.Debug|Any CPU.ActiveCfg = Debug|Any CPU
		{8AE87CDC-D3E1-4CFF-8453-4EE12309DD38}.Debug|Any CPU.Build.0 = Debug|Any CPU
		{8AE87CDC-D3E1-4CFF-8453-4EE12309DD38}.Release|Any CPU.ActiveCfg = Release|Any CPU
		{8AE87CDC-D3E1-4CFF-8453-4EE12309DD38}.Release|Any CPU.Build.0 = Release|Any CPU
	EndGlobalSection
EndGlobal
