Microsoft Visual Studio Solution File, Format Version 12.00
# Visual Studio Version 17
VisualStudioVersion = 17.5.2.0
MinimumVisualStudioVersion = 10.0.40219.1
Project("{FAE04EC0-301F-11D3-BF4B-00C04F79EFBC}") = "MyApi", "app\MyApi.csproj", "{04B13D40-C899-F995-ED03-DD8DB875435C}"
EndProject
Global
	GlobalSection(SolutionConfigurationPlatforms) = preSolution
		Debug|Any CPU = Debug|Any CPU
		Release|Any CPU = Release|Any CPU
	EndGlobalSection
	GlobalSection(ProjectConfigurationPlatforms) = postSolution
		{04B13D40-C899-F995-ED03-DD8DB875435C}.Debug|Any CPU.ActiveCfg = Debug|Any CPU
		{04B13D40-C899-F995-ED03-DD8DB875435C}.Debug|Any CPU.Build.0 = Debug|Any CPU
		{04B13D40-C899-F995-ED03-DD8DB875435C}.Release|Any CPU.ActiveCfg = Release|Any CPU
		{04B13D40-C899-F995-ED03-DD8DB875435C}.Release|Any CPU.Build.0 = Release|Any CPU
	EndGlobalSection
	GlobalSection(SolutionProperties) = preSolution
		HideSolutionNode = FALSE
	EndGlobalSection
	GlobalSection(ExtensibilityGlobals) = postSolution
		SolutionGuid = {198D40CD-35E0-438E-BA6D-10731E4F93C6}
	EndGlobalSection
EndGlobal
